
Microsoft Visual Studio Solution File, Format Version 12.00
# Visual Studio Version 17
VisualStudioVersion = 17.9.34728.123
MinimumVisualStudioVersion = 10.0.40219.1
Project("{FAE04EC0-301F-11D3-BF4B-00C04F79EFBC}") = "PP1", "PP1\PP1.csproj", "{3545480A-525E-483E-8D12-060613FBCF28}"
EndProject
Global
	GlobalSection(SolutionConfigurationPlatforms) = preSolution
		Debug|Any CPU = Debug|Any CPU
		Release|Any CPU = Release|Any CPU
	EndGlobalSection
	GlobalSection(ProjectConfigurationPlatforms) = postSolution
		{3545480A-525E-483E-8D12-060613FBCF28}.Debug|Any CPU.ActiveCfg = Debug|Any CPU
		{3545480A-525E-483E-8D12-060613FBCF28}.Debug|Any CPU.Build.0 = Debug|Any CPU
		{3545480A-525E-483E-8D12-060613FBCF28}.Release|Any CPU.ActiveCfg = Release|Any CPU
		{3545480A-525E-483E-8D12-060613FBCF28}.Release|Any CPU.Build.0 = Release|Any CPU
	EndGlobalSection
	GlobalSection(SolutionProperties) = preSolution
		HideSolutionNode = FALSE
	EndGlobalSection
	GlobalSection(ExtensibilityGlobals) = postSolution
		SolutionGuid = {C2B0728D-130E-45E8-A47F-3CFCD49B571A}
	EndGlobalSection
EndGlobal
